
Microsoft Visual Studio Solution File, Format Version 12.00
# Visual Studio Version 17
VisualStudioVersion = 17.5.002.0
MinimumVisualStudioVersion = 10.0.40219.1
Project("{9A19103F-16F7-4668-BE54-9A1E7A4F7556}") = "Service.Catalog.API", "Service.Catalog.API.csproj", "{615D0AE2-142F-438C-9817-BC7619792767}"
EndProject
Global
	GlobalSection(SolutionConfigurationPlatforms) = preSolution
		Debug|Any CPU = Debug|Any CPU
		Release|Any CPU = Release|Any CPU
	EndGlobalSection
	GlobalSection(ProjectConfigurationPlatforms) = postSolution
		{615D0AE2-142F-438C-9817-BC7619792767}.Debug|Any CPU.ActiveCfg = Debug|Any CPU
		{615D0AE2-142F-438C-9817-BC7619792767}.Debug|Any CPU.Build.0 = Debug|Any CPU
		{615D0AE2-142F-438C-9817-BC7619792767}.Release|Any CPU.ActiveCfg = Release|Any CPU
		{615D0AE2-142F-438C-9817-BC7619792767}.Release|Any CPU.Build.0 = Release|Any CPU
	EndGlobalSection
	GlobalSection(SolutionProperties) = preSolution
		HideSolutionNode = FALSE
	EndGlobalSection
	GlobalSection(ExtensibilityGlobals) = postSolution
		SolutionGuid = {890E4A27-FB88-432E-8CFF-8B7FCE5141CB}
	EndGlobalSection
EndGlobal
